
Microsoft Visual Studio Solution File, Format Version 12.00
# Visual Studio Version 16
VisualStudioVersion = 16.0.30011.22
MinimumVisualStudioVersion = 10.0.40219.1
Project("{FAE04EC0-301F-11D3-BF4B-00C04F79EFBC}") = "BrownianMotionSimulation", "BrownianMotionSimulation\BrownianMotionSimulation.csproj", "{309C9E0D-8E46-460F-A074-715380F61CF7}"
EndProject
Global
	GlobalSection(SolutionConfigurationPlatforms) = preSolution
		Debug|Any CPU = Debug|Any CPU
		Release|Any CPU = Release|Any CPU
	EndGlobalSection
	GlobalSection(ProjectConfigurationPlatforms) = postSolution
		{309C9E0D-8E46-460F-A074-715380F61CF7}.Debug|Any CPU.ActiveCfg = Debug|Any CPU
		{309C9E0D-8E46-460F-A074-715380F61CF7}.Debug|Any CPU.Build.0 = Debug|Any CPU
		{309C9E0D-8E46-460F-A074-715380F61CF7}.Release|Any CPU.ActiveCfg = Release|Any CPU
		{309C9E0D-8E46-460F-A074-715380F61CF7}.Release|Any CPU.Build.0 = Release|Any CPU
	EndGlobalSection
	GlobalSection(SolutionProperties) = preSolution
		HideSolutionNode = FALSE
	EndGlobalSection
	GlobalSection(ExtensibilityGlobals) = postSolution
		SolutionGuid = {8AF0B0CE-1E0A-4516-868B-E82AE800C83D}
	EndGlobalSection
EndGlobal
